
Microsoft Visual Studio Solution File, Format Version 12.00
# Visual Studio Version 16
VisualStudioVersion = 16.0.30002.166
MinimumVisualStudioVersion = 10.0.40219.1
Project("{FAE04EC0-301F-11D3-BF4B-00C04F79EFBC}") = "WindowsSecExp", "WindowsSecExp\WindowsSecExp.csproj", "{0EBC5A4C-2DD4-45EC-B1CB-70423F013844}"
EndProject
Project("{8BC9CEB8-8B4A-11D0-8D11-00A0C91BC942}") = "CPPDLL", "CPPDLL\CPPDLL.vcxproj", "{C28C96C2-8936-453D-9170-F5E5D2519D38}"
EndProject
Project("{FAE04EC0-301F-11D3-BF4B-00C04F79EFBC}") = "CSDLL", "CSDLL\CSDLL.csproj", "{2FD1D99D-1069-44CE-849B-12454B80BB1A}"
EndProject
Project("{FAE04EC0-301F-11D3-BF4B-00C04F79EFBC}") = "CSCOM", "CSCOM\CSCOM.csproj", "{B2905059-1617-42D6-A7BD-21456366C04B}"
EndProject
Global
	GlobalSection(SolutionConfigurationPlatforms) = preSolution
		Debug|Any CPU = Debug|Any CPU
		Debug|x64 = Debug|x64
		Debug|x86 = Debug|x86
		Release|Any CPU = Release|Any CPU
		Release|x64 = Release|x64
		Release|x86 = Release|x86
	EndGlobalSection
	GlobalSection(ProjectConfigurationPlatforms) = postSolution
		{0EBC5A4C-2DD4-45EC-B1CB-70423F013844}.Debug|Any CPU.ActiveCfg = Debug|Any CPU
		{0EBC5A4C-2DD4-45EC-B1CB-70423F013844}.Debug|Any CPU.Build.0 = Debug|Any CPU
		{0EBC5A4C-2DD4-45EC-B1CB-70423F013844}.Debug|x64.ActiveCfg = Debug|Any CPU
		{0EBC5A4C-2DD4-45EC-B1CB-70423F013844}.Debug|x64.Build.0 = Debug|Any CPU
		{0EBC5A4C-2DD4-45EC-B1CB-70423F013844}.Debug|x86.ActiveCfg = Debug|Any CPU
		{0EBC5A4C-2DD4-45EC-B1CB-70423F013844}.Debug|x86.Build.0 = Debug|Any CPU
		{0EBC5A4C-2DD4-45EC-B1CB-70423F013844}.Release|Any CPU.ActiveCfg = Release|Any CPU
		{0EBC5A4C-2DD4-45EC-B1CB-70423F013844}.Release|Any CPU.Build.0 = Release|Any CPU
		{0EBC5A4C-2DD4-45EC-B1CB-70423F013844}.Release|x64.ActiveCfg = Release|Any CPU
		{0EBC5A4C-2DD4-45EC-B1CB-70423F013844}.Release|x64.Build.0 = Release|Any CPU
		{0EBC5A4C-2DD4-45EC-B1CB-70423F013844}.Release|x86.ActiveCfg = Release|Any CPU
		{0EBC5A4C-2DD4-45EC-B1CB-70423F013844}.Release|x86.Build.0 = Release|Any CPU
		{C28C96C2-8936-453D-9170-F5E5D2519D38}.Debug|Any CPU.ActiveCfg = Debug|Win32
		{C28C96C2-8936-453D-9170-F5E5D2519D38}.Debug|x64.ActiveCfg = Debug|x64
		{C28C96C2-8936-453D-9170-F5E5D2519D38}.Debug|x64.Build.0 = Debug|x64
		{C28C96C2-8936-453D-9170-F5E5D2519D38}.Debug|x86.ActiveCfg = Debug|Win32
		{C28C96C2-8936-453D-9170-F5E5D2519D38}.Debug|x86.Build.0 = Debug|Win32
		{C28C96C2-8936-453D-9170-F5E5D2519D38}.Release|Any CPU.ActiveCfg = Release|Win32
		{C28C96C2-8936-453D-9170-F5E5D2519D38}.Release|x64.ActiveCfg = Release|x64
		{C28C96C2-8936-453D-9170-F5E5D2519D38}.Release|x64.Build.0 = Release|x64
		{C28C96C2-8936-453D-9170-F5E5D2519D38}.Release|x86.ActiveCfg = Release|Win32
		{C28C96C2-8936-453D-9170-F5E5D2519D38}.Release|x86.Build.0 = Release|Win32
		{2FD1D99D-1069-44CE-849B-12454B80BB1A}.Debug|Any CPU.ActiveCfg = Debug|Any CPU
		{2FD1D99D-1069-44CE-849B-12454B80BB1A}.Debug|Any CPU.Build.0 = Debug|Any CPU
		{2FD1D99D-1069-44CE-849B-12454B80BB1A}.Debug|x64.ActiveCfg = Debug|Any CPU
		{2FD1D99D-1069-44CE-849B-12454B80BB1A}.Debug|x64.Build.0 = Debug|Any CPU
		{2FD1D99D-1069-44CE-849B-12454B80BB1A}.Debug|x86.ActiveCfg = Debug|Any CPU
		{2FD1D99D-1069-44CE-849B-12454B80BB1A}.Debug|x86.Build.0 = Debug|Any CPU
		{2FD1D99D-1069-44CE-849B-12454B80BB1A}.Release|Any CPU.ActiveCfg = Release|Any CPU
		{2FD1D99D-1069-44CE-849B-12454B80BB1A}.Release|Any CPU.Build.0 = Release|Any CPU
		{2FD1D99D-1069-44CE-849B-12454B80BB1A}.Release|x64.ActiveCfg = Release|Any CPU
		{2FD1D99D-1069-44CE-849B-12454B80BB1A}.Release|x64.Build.0 = Release|Any CPU
		{2FD1D99D-1069-44CE-849B-12454B80BB1A}.Release|x86.ActiveCfg = Release|Any CPU
		{2FD1D99D-1069-44CE-849B-12454B80BB1A}.Release|x86.Build.0 = Release|Any CPU
		{B2905059-1617-42D6-A7BD-21456366C04B}.Debug|Any CPU.ActiveCfg = Debug|Any CPU
		{B2905059-1617-42D6-A7BD-21456366C04B}.Debug|Any CPU.Build.0 = Debug|Any CPU
		{B2905059-1617-42D6-A7BD-21456366C04B}.Debug|x64.ActiveCfg = Debug|Any CPU
		{B2905059-1617-42D6-A7BD-21456366C04B}.Debug|x64.Build.0 = Debug|Any CPU
		{B2905059-1617-42D6-A7BD-21456366C04B}.Debug|x86.ActiveCfg = Debug|Any CPU
		{B2905059-1617-42D6-A7BD-21456366C04B}.Debug|x86.Build.0 = Debug|Any CPU
		{B2905059-1617-42D6-A7BD-21456366C04B}.Release|Any CPU.ActiveCfg = Release|Any CPU
		{B2905059-1617-42D6-A7BD-21456366C04B}.Release|Any CPU.Build.0 = Release|Any CPU
		{B2905059-1617-42D6-A7BD-21456366C04B}.Release|x64.ActiveCfg = Release|Any CPU
		{B2905059-1617-42D6-A7BD-21456366C04B}.Release|x64.Build.0 = Release|Any CPU
		{B2905059-1617-42D6-A7BD-21456366C04B}.Release|x86.ActiveCfg = Release|Any CPU
		{B2905059-1617-42D6-A7BD-21456366C04B}.Release|x86.Build.0 = Release|Any CPU
	EndGlobalSection
	GlobalSection(SolutionProperties) = preSolution
		HideSolutionNode = FALSE
	EndGlobalSection
	GlobalSection(ExtensibilityGlobals) = postSolution
		SolutionGuid = {51D51C08-EEF0-4917-8082-0306B81F526C}
	EndGlobalSection
EndGlobal
